// !$*UTF8*$!
{
	archiveVersion = 1;
	classes = {
	};
	objectVersion = 46;
	objects = {

/* Begin PBXBuildFile section */
		7E09444A9F9D6C9646943D2D /* Pods_pilot.framework in Frameworks */ = {isa = PBXBuildFile; fileRef = 3D1069997527783835BBDADE /* Pods_pilot.framework */; };
		941A436F1F1F0AE600D35777 /* AppDelegate.swift in Sources */ = {isa = PBXBuildFile; fileRef = 941A436E1F1F0AE600D35777 /* AppDelegate.swift */; };
		941A43761F1F0AE600D35777 /* Assets.xcassets in Resources */ = {isa = PBXBuildFile; fileRef = 941A43751F1F0AE600D35777 /* Assets.xcassets */; };
		941A43791F1F0AE600D35777 /* LaunchScreen.storyboard in Resources */ = {isa = PBXBuildFile; fileRef = 941A43771F1F0AE600D35777 /* LaunchScreen.storyboard */; };
		941A43841F1F0AE600D35777 /* pilotTests.swift in Sources */ = {isa = PBXBuildFile; fileRef = 941A43831F1F0AE600D35777 /* pilotTests.swift */; };
		941A438F1F1F0AE600D35777 /* pilotUITests.swift in Sources */ = {isa = PBXBuildFile; fileRef = 941A438E1F1F0AE600D35777 /* pilotUITests.swift */; };
		941BA4F31F3B5F4800227C60 /* Post.swift in Sources */ = {isa = PBXBuildFile; fileRef = 941BA4F21F3B5F4800227C60 /* Post.swift */; };
		9429513D1F57C348000EF278 /* CreateViewController.swift in Sources */ = {isa = PBXBuildFile; fileRef = 9429513C1F57C348000EF278 /* CreateViewController.swift */; };
		9429513F1F57C468000EF278 /* CreateView.storyboard in Resources */ = {isa = PBXBuildFile; fileRef = 9429513E1F57C468000EF278 /* CreateView.storyboard */; };
		942951481F591160000EF278 /* Fetchable.swift in Sources */ = {isa = PBXBuildFile; fileRef = 942951441F591160000EF278 /* Fetchable.swift */; };
		942951491F591160000EF278 /* NetworkManager.swift in Sources */ = {isa = PBXBuildFile; fileRef = 942951451F591160000EF278 /* NetworkManager.swift */; };
		9429514A1F591160000EF278 /* Publishable.swift in Sources */ = {isa = PBXBuildFile; fileRef = 942951461F591160000EF278 /* Publishable.swift */; };
		9429514B1F591160000EF278 /* Uploadable.swift in Sources */ = {isa = PBXBuildFile; fileRef = 942951471F591160000EF278 /* Uploadable.swift */; };
		944679081F4AC4A3000C0D66 /* AuthToken.swift in Sources */ = {isa = PBXBuildFile; fileRef = 944679071F4AC4A3000C0D66 /* AuthToken.swift */; };
		945A433F1F2BCA97000C3B86 /* HomeTableViewCell.swift in Sources */ = {isa = PBXBuildFile; fileRef = 945A433E1F2BCA97000C3B86 /* HomeTableViewCell.swift */; };
		945E67C11F47414200E07290 /* LightningRouter.swift in Sources */ = {isa = PBXBuildFile; fileRef = 945E67C01F47414200E07290 /* LightningRouter.swift */; };
		945E67C31F475ACD00E07290 /* AuthAdapter.swift in Sources */ = {isa = PBXBuildFile; fileRef = 945E67C21F475ACD00E07290 /* AuthAdapter.swift */; };
		9460CDDB1F7F658200D8E910 /* CustomTableHeaderView.xib in Resources */ = {isa = PBXBuildFile; fileRef = 9460CDDA1F7F658200D8E910 /* CustomTableHeaderView.xib */; };
		9460CDDF1F807A0500D8E910 /* OAuthManager.swift in Sources */ = {isa = PBXBuildFile; fileRef = 9460CDDE1F807A0500D8E910 /* OAuthManager.swift */; };
		946890271F295A67007E46DD /* Platform.swift in Sources */ = {isa = PBXBuildFile; fileRef = 946890261F295A67007E46DD /* Platform.swift */; };
		946890291F2960B9007E46DD /* PlatformProtocol.swift in Sources */ = {isa = PBXBuildFile; fileRef = 946890281F2960B9007E46DD /* PlatformProtocol.swift */; };
		946890341F29A1A9007E46DD /* HomeViewController.swift in Sources */ = {isa = PBXBuildFile; fileRef = 946890331F29A1A9007E46DD /* HomeViewController.swift */; };
		947E68101F7B23BC000D7448 /* AccountViewController.swift in Sources */ = {isa = PBXBuildFile; fileRef = 947E680F1F7B23BC000D7448 /* AccountViewController.swift */; };
		948D21E91F78AE61001D5897 /* SettingsViewController.swift in Sources */ = {isa = PBXBuildFile; fileRef = 948D21E81F78AE61001D5897 /* SettingsViewController.swift */; };
		948D21EB1F78AE75001D5897 /* SettingsView.storyboard in Resources */ = {isa = PBXBuildFile; fileRef = 948D21EA1F78AE75001D5897 /* SettingsView.storyboard */; };
		948D21ED1F78B071001D5897 /* AccountTableViewCell.swift in Sources */ = {isa = PBXBuildFile; fileRef = 948D21EC1F78B071001D5897 /* AccountTableViewCell.swift */; };
		948D21EF1F78B080001D5897 /* ConnectionTableViewCell.swift in Sources */ = {isa = PBXBuildFile; fileRef = 948D21EE1F78B080001D5897 /* ConnectionTableViewCell.swift */; };
		949588D71F76FFFC003C9C88 /* PlatformManager.swift in Sources */ = {isa = PBXBuildFile; fileRef = 949588D61F76FFFC003C9C88 /* PlatformManager.swift */; };
		949E5DCE1F2813C8009EE3EB /* UIColor+PilotColors.swift in Sources */ = {isa = PBXBuildFile; fileRef = 949E5DCD1F2813C8009EE3EB /* UIColor+PilotColors.swift */; };
		949E5DD41F281EEE009EE3EB /* PilotConfiguration.swift in Sources */ = {isa = PBXBuildFile; fileRef = 949E5DD31F281EEE009EE3EB /* PilotConfiguration.swift */; };
		94A465ED1F4A470D004450D0 /* ThunderRouter.swift in Sources */ = {isa = PBXBuildFile; fileRef = 94A465EC1F4A470D004450D0 /* ThunderRouter.swift */; };
		94AF20EA1F26F8EA009A1484 /* PilotUser.swift in Sources */ = {isa = PBXBuildFile; fileRef = 94AF20E91F26F8EA009A1484 /* PilotUser.swift */; };
		94AF20F21F270698009A1484 /* LoginViewController.swift in Sources */ = {isa = PBXBuildFile; fileRef = 94AF20F11F270698009A1484 /* LoginViewController.swift */; };
		94AF20F91F271751009A1484 /* LoginViewController.storyboard in Resources */ = {isa = PBXBuildFile; fileRef = 94AF20F81F271751009A1484 /* LoginViewController.storyboard */; };
		94C092E61F3E427400BED0D4 /* PostProtocol.swift in Sources */ = {isa = PBXBuildFile; fileRef = 94C092E51F3E427400BED0D4 /* PostProtocol.swift */; };
		94CD01B21F76045D0045BB45 /* URL+Params.swift in Sources */ = {isa = PBXBuildFile; fileRef = 94CD01B11F76045D0045BB45 /* URL+Params.swift */; };
		94E8F8491F2A5D1800B3D43C /* HomeView.storyboard in Resources */ = {isa = PBXBuildFile; fileRef = 94E8F8481F2A5D1800B3D43C /* HomeView.storyboard */; };
		94EBBB641F7C410E003DA5E3 /* UserManager.swift in Sources */ = {isa = PBXBuildFile; fileRef = 94EBBB631F7C410E003DA5E3 /* UserManager.swift */; };
		94FF17B01F7F49D400C1C1F2 /* ProfileViewController.swift in Sources */ = {isa = PBXBuildFile; fileRef = 94FF17AF1F7F49D400C1C1F2 /* ProfileViewController.swift */; };
/* End PBXBuildFile section */

/* Begin PBXContainerItemProxy section */
		941A43801F1F0AE600D35777 /* PBXContainerItemProxy */ = {
			isa = PBXContainerItemProxy;
			containerPortal = 941A43631F1F0AE600D35777 /* Project object */;
			proxyType = 1;
			remoteGlobalIDString = 941A436A1F1F0AE600D35777;
			remoteInfo = pilot;
		};
		941A438B1F1F0AE600D35777 /* PBXContainerItemProxy */ = {
			isa = PBXContainerItemProxy;
			containerPortal = 941A43631F1F0AE600D35777 /* Project object */;
			proxyType = 1;
			remoteGlobalIDString = 941A436A1F1F0AE600D35777;
			remoteInfo = pilot;
		};
/* End PBXContainerItemProxy section */

/* Begin PBXFileReference section */
		3D1069997527783835BBDADE /* Pods_pilot.framework */ = {isa = PBXFileReference; explicitFileType = wrapper.framework; includeInIndex = 0; path = Pods_pilot.framework; sourceTree = BUILT_PRODUCTS_DIR; };
		5A4231911B3C13501804F698 /* Pods-pilot.release.xcconfig */ = {isa = PBXFileReference; includeInIndex = 1; lastKnownFileType = text.xcconfig; name = "Pods-pilot.release.xcconfig"; path = "Pods/Target Support Files/Pods-pilot/Pods-pilot.release.xcconfig"; sourceTree = "<group>"; };
		941A436B1F1F0AE600D35777 /* pilot.app */ = {isa = PBXFileReference; explicitFileType = wrapper.application; includeInIndex = 0; path = pilot.app; sourceTree = BUILT_PRODUCTS_DIR; };
		941A436E1F1F0AE600D35777 /* AppDelegate.swift */ = {isa = PBXFileReference; lastKnownFileType = sourcecode.swift; path = AppDelegate.swift; sourceTree = "<group>"; };
		941A43751F1F0AE600D35777 /* Assets.xcassets */ = {isa = PBXFileReference; lastKnownFileType = folder.assetcatalog; path = Assets.xcassets; sourceTree = "<group>"; };
		941A43781F1F0AE600D35777 /* Base */ = {isa = PBXFileReference; lastKnownFileType = file.storyboard; name = Base; path = Base.lproj/LaunchScreen.storyboard; sourceTree = "<group>"; };
		941A437A1F1F0AE600D35777 /* Info.plist */ = {isa = PBXFileReference; lastKnownFileType = text.plist.xml; path = Info.plist; sourceTree = "<group>"; };
		941A437F1F1F0AE600D35777 /* pilotTests.xctest */ = {isa = PBXFileReference; explicitFileType = wrapper.cfbundle; includeInIndex = 0; path = pilotTests.xctest; sourceTree = BUILT_PRODUCTS_DIR; };
		941A43831F1F0AE600D35777 /* pilotTests.swift */ = {isa = PBXFileReference; lastKnownFileType = sourcecode.swift; path = pilotTests.swift; sourceTree = "<group>"; };
		941A43851F1F0AE600D35777 /* Info.plist */ = {isa = PBXFileReference; lastKnownFileType = text.plist.xml; path = Info.plist; sourceTree = "<group>"; };
		941A438A1F1F0AE600D35777 /* pilotUITests.xctest */ = {isa = PBXFileReference; explicitFileType = wrapper.cfbundle; includeInIndex = 0; path = pilotUITests.xctest; sourceTree = BUILT_PRODUCTS_DIR; };
		941A438E1F1F0AE600D35777 /* pilotUITests.swift */ = {isa = PBXFileReference; lastKnownFileType = sourcecode.swift; path = pilotUITests.swift; sourceTree = "<group>"; };
		941A43901F1F0AE600D35777 /* Info.plist */ = {isa = PBXFileReference; lastKnownFileType = text.plist.xml; path = Info.plist; sourceTree = "<group>"; };
		941BA4F21F3B5F4800227C60 /* Post.swift */ = {isa = PBXFileReference; fileEncoding = 4; lastKnownFileType = sourcecode.swift; path = Post.swift; sourceTree = "<group>"; };
		9429513C1F57C348000EF278 /* CreateViewController.swift */ = {isa = PBXFileReference; fileEncoding = 4; lastKnownFileType = sourcecode.swift; path = CreateViewController.swift; sourceTree = "<group>"; };
		9429513E1F57C468000EF278 /* CreateView.storyboard */ = {isa = PBXFileReference; fileEncoding = 4; lastKnownFileType = file.storyboard; path = CreateView.storyboard; sourceTree = "<group>"; };
		942951441F591160000EF278 /* Fetchable.swift */ = {isa = PBXFileReference; fileEncoding = 4; lastKnownFileType = sourcecode.swift; name = Fetchable.swift; path = pilot/Fetchable.swift; sourceTree = "<group>"; };
		942951451F591160000EF278 /* NetworkManager.swift */ = {isa = PBXFileReference; fileEncoding = 4; lastKnownFileType = sourcecode.swift; name = NetworkManager.swift; path = pilot/NetworkManager.swift; sourceTree = "<group>"; };
		942951461F591160000EF278 /* Publishable.swift */ = {isa = PBXFileReference; fileEncoding = 4; lastKnownFileType = sourcecode.swift; name = Publishable.swift; path = pilot/Publishable.swift; sourceTree = "<group>"; };
		942951471F591160000EF278 /* Uploadable.swift */ = {isa = PBXFileReference; fileEncoding = 4; lastKnownFileType = sourcecode.swift; name = Uploadable.swift; path = pilot/Uploadable.swift; sourceTree = "<group>"; };
		944679071F4AC4A3000C0D66 /* AuthToken.swift */ = {isa = PBXFileReference; fileEncoding = 4; lastKnownFileType = sourcecode.swift; path = AuthToken.swift; sourceTree = "<group>"; };
		945A433E1F2BCA97000C3B86 /* HomeTableViewCell.swift */ = {isa = PBXFileReference; fileEncoding = 4; lastKnownFileType = sourcecode.swift; path = HomeTableViewCell.swift; sourceTree = "<group>"; };
		945E67C01F47414200E07290 /* LightningRouter.swift */ = {isa = PBXFileReference; fileEncoding = 4; lastKnownFileType = sourcecode.swift; name = LightningRouter.swift; path = pilot/LightningRouter.swift; sourceTree = "<group>"; };
		945E67C21F475ACD00E07290 /* AuthAdapter.swift */ = {isa = PBXFileReference; fileEncoding = 4; lastKnownFileType = sourcecode.swift; name = AuthAdapter.swift; path = pilot/AuthAdapter.swift; sourceTree = "<group>"; };
		9460CDDA1F7F658200D8E910 /* CustomTableHeaderView.xib */ = {isa = PBXFileReference; lastKnownFileType = file.xib; path = CustomTableHeaderView.xib; sourceTree = "<group>"; };
		9460CDDE1F807A0500D8E910 /* OAuthManager.swift */ = {isa = PBXFileReference; lastKnownFileType = sourcecode.swift; path = OAuthManager.swift; sourceTree = "<group>"; };
		946890261F295A67007E46DD /* Platform.swift */ = {isa = PBXFileReference; fileEncoding = 4; lastKnownFileType = sourcecode.swift; path = Platform.swift; sourceTree = "<group>"; };
		946890281F2960B9007E46DD /* PlatformProtocol.swift */ = {isa = PBXFileReference; fileEncoding = 4; lastKnownFileType = sourcecode.swift; path = PlatformProtocol.swift; sourceTree = "<group>"; };
		946890331F29A1A9007E46DD /* HomeViewController.swift */ = {isa = PBXFileReference; fileEncoding = 4; lastKnownFileType = sourcecode.swift; path = HomeViewController.swift; sourceTree = "<group>"; };
		947E680F1F7B23BC000D7448 /* AccountViewController.swift */ = {isa = PBXFileReference; lastKnownFileType = sourcecode.swift; path = AccountViewController.swift; sourceTree = "<group>"; };
		948D21E81F78AE61001D5897 /* SettingsViewController.swift */ = {isa = PBXFileReference; lastKnownFileType = sourcecode.swift; path = SettingsViewController.swift; sourceTree = "<group>"; };
		948D21EA1F78AE75001D5897 /* SettingsView.storyboard */ = {isa = PBXFileReference; lastKnownFileType = file.storyboard; path = SettingsView.storyboard; sourceTree = "<group>"; };
		948D21EC1F78B071001D5897 /* AccountTableViewCell.swift */ = {isa = PBXFileReference; lastKnownFileType = sourcecode.swift; path = AccountTableViewCell.swift; sourceTree = "<group>"; };
		948D21EE1F78B080001D5897 /* ConnectionTableViewCell.swift */ = {isa = PBXFileReference; lastKnownFileType = sourcecode.swift; path = ConnectionTableViewCell.swift; sourceTree = "<group>"; };
		949588D61F76FFFC003C9C88 /* PlatformManager.swift */ = {isa = PBXFileReference; lastKnownFileType = sourcecode.swift; path = PlatformManager.swift; sourceTree = "<group>"; };
		949E5DCD1F2813C8009EE3EB /* UIColor+PilotColors.swift */ = {isa = PBXFileReference; fileEncoding = 4; lastKnownFileType = sourcecode.swift; path = "UIColor+PilotColors.swift"; sourceTree = "<group>"; };
		949E5DD31F281EEE009EE3EB /* PilotConfiguration.swift */ = {isa = PBXFileReference; fileEncoding = 4; lastKnownFileType = sourcecode.swift; path = PilotConfiguration.swift; sourceTree = "<group>"; };
		94A465EC1F4A470D004450D0 /* ThunderRouter.swift */ = {isa = PBXFileReference; fileEncoding = 4; lastKnownFileType = sourcecode.swift; name = ThunderRouter.swift; path = pilot/ThunderRouter.swift; sourceTree = "<group>"; };
		94AF20E91F26F8EA009A1484 /* PilotUser.swift */ = {isa = PBXFileReference; fileEncoding = 4; lastKnownFileType = sourcecode.swift; path = PilotUser.swift; sourceTree = "<group>"; };
		94AF20F11F270698009A1484 /* LoginViewController.swift */ = {isa = PBXFileReference; fileEncoding = 4; lastKnownFileType = sourcecode.swift; path = LoginViewController.swift; sourceTree = "<group>"; };
		94AF20F81F271751009A1484 /* LoginViewController.storyboard */ = {isa = PBXFileReference; fileEncoding = 4; lastKnownFileType = file.storyboard; path = LoginViewController.storyboard; sourceTree = "<group>"; };
		94C092E51F3E427400BED0D4 /* PostProtocol.swift */ = {isa = PBXFileReference; fileEncoding = 4; lastKnownFileType = sourcecode.swift; path = PostProtocol.swift; sourceTree = "<group>"; };
		94CD01B11F76045D0045BB45 /* URL+Params.swift */ = {isa = PBXFileReference; lastKnownFileType = sourcecode.swift; path = "URL+Params.swift"; sourceTree = "<group>"; };
		94E8F8481F2A5D1800B3D43C /* HomeView.storyboard */ = {isa = PBXFileReference; fileEncoding = 4; lastKnownFileType = file.storyboard; path = HomeView.storyboard; sourceTree = "<group>"; };
		94EBBB631F7C410E003DA5E3 /* UserManager.swift */ = {isa = PBXFileReference; lastKnownFileType = sourcecode.swift; path = UserManager.swift; sourceTree = "<group>"; };
		94FF17AF1F7F49D400C1C1F2 /* ProfileViewController.swift */ = {isa = PBXFileReference; lastKnownFileType = sourcecode.swift; path = ProfileViewController.swift; sourceTree = "<group>"; };
		FF5494EBA7DDB8DA3D477F21 /* Pods-pilot.debug.xcconfig */ = {isa = PBXFileReference; includeInIndex = 1; lastKnownFileType = text.xcconfig; name = "Pods-pilot.debug.xcconfig"; path = "Pods/Target Support Files/Pods-pilot/Pods-pilot.debug.xcconfig"; sourceTree = "<group>"; };
/* End PBXFileReference section */

/* Begin PBXFrameworksBuildPhase section */
		941A43681F1F0AE600D35777 /* Frameworks */ = {
			isa = PBXFrameworksBuildPhase;
			buildActionMask = 2147483647;
			files = (
				7E09444A9F9D6C9646943D2D /* Pods_pilot.framework in Frameworks */,
			);
			runOnlyForDeploymentPostprocessing = 0;
		};
		941A437C1F1F0AE600D35777 /* Frameworks */ = {
			isa = PBXFrameworksBuildPhase;
			buildActionMask = 2147483647;
			files = (
			);
			runOnlyForDeploymentPostprocessing = 0;
		};
		941A43871F1F0AE600D35777 /* Frameworks */ = {
			isa = PBXFrameworksBuildPhase;
			buildActionMask = 2147483647;
			files = (
			);
			runOnlyForDeploymentPostprocessing = 0;
		};
/* End PBXFrameworksBuildPhase section */

/* Begin PBXGroup section */
		024693E50ECFEF548CB17FFF /* Frameworks */ = {
			isa = PBXGroup;
			children = (
				3D1069997527783835BBDADE /* Pods_pilot.framework */,
			);
			name = Frameworks;
			sourceTree = "<group>";
		};
		941A43621F1F0AE600D35777 = {
			isa = PBXGroup;
			children = (
				941A436D1F1F0AE600D35777 /* pilot */,
				941A43821F1F0AE600D35777 /* pilotTests */,
				941A438D1F1F0AE600D35777 /* pilotUITests */,
				941A436C1F1F0AE600D35777 /* Products */,
				B5D4FCB8A1C06B57AF99414C /* Pods */,
				024693E50ECFEF548CB17FFF /* Frameworks */,
			);
			sourceTree = "<group>";
		};
		941A436C1F1F0AE600D35777 /* Products */ = {
			isa = PBXGroup;
			children = (
				941A436B1F1F0AE600D35777 /* pilot.app */,
				941A437F1F1F0AE600D35777 /* pilotTests.xctest */,
				941A438A1F1F0AE600D35777 /* pilotUITests.xctest */,
			);
			name = Products;
			sourceTree = "<group>";
		};
		941A436D1F1F0AE600D35777 /* pilot */ = {
			isa = PBXGroup;
			children = (
				941A436E1F1F0AE600D35777 /* AppDelegate.swift */,
				949E5DD31F281EEE009EE3EB /* PilotConfiguration.swift */,
				941A43771F1F0AE600D35777 /* LaunchScreen.storyboard */,
				941A437A1F1F0AE600D35777 /* Info.plist */,
				941A43751F1F0AE600D35777 /* Assets.xcassets */,
				94AF20DB1F26EB56009A1484 /* Model */,
				94AF20DA1F26EB4E009A1484 /* View */,
				944679091F4B92BB000C0D66 /* Networking */,
				94AF20DE1F26EB6B009A1484 /* Extensions */,
			);
			path = pilot;
			sourceTree = "<group>";
		};
		941A43821F1F0AE600D35777 /* pilotTests */ = {
			isa = PBXGroup;
			children = (
				941A43831F1F0AE600D35777 /* pilotTests.swift */,
				941A43851F1F0AE600D35777 /* Info.plist */,
			);
			path = pilotTests;
			sourceTree = "<group>";
		};
		941A438D1F1F0AE600D35777 /* pilotUITests */ = {
			isa = PBXGroup;
			children = (
				941A438E1F1F0AE600D35777 /* pilotUITests.swift */,
				941A43901F1F0AE600D35777 /* Info.plist */,
			);
			path = pilotUITests;
			sourceTree = "<group>";
		};
		9429513B1F57C2B7000EF278 /* CreateView */ = {
			isa = PBXGroup;
			children = (
				9429513C1F57C348000EF278 /* CreateViewController.swift */,
				9429513E1F57C468000EF278 /* CreateView.storyboard */,
			);
			name = CreateView;
			sourceTree = "<group>";
		};
		944679091F4B92BB000C0D66 /* Networking */ = {
			isa = PBXGroup;
			children = (
				942951451F591160000EF278 /* NetworkManager.swift */,
				945E67C01F47414200E07290 /* LightningRouter.swift */,
				94A465EC1F4A470D004450D0 /* ThunderRouter.swift */,
				945E67C21F475ACD00E07290 /* AuthAdapter.swift */,
				942951441F591160000EF278 /* Fetchable.swift */,
				942951471F591160000EF278 /* Uploadable.swift */,
				942951461F591160000EF278 /* Publishable.swift */,
			);
			name = Networking;
			path = ..;
			sourceTree = "<group>";
		};
		946890301F29A167007E46DD /* HomeView */ = {
			isa = PBXGroup;
			children = (
				946890331F29A1A9007E46DD /* HomeViewController.swift */,
				945A433E1F2BCA97000C3B86 /* HomeTableViewCell.swift */,
				94E8F8481F2A5D1800B3D43C /* HomeView.storyboard */,
			);
			name = HomeView;
			sourceTree = "<group>";
		};
		948D21E71F78AE3D001D5897 /* SettingsView */ = {
			isa = PBXGroup;
			children = (
				948D21E81F78AE61001D5897 /* SettingsViewController.swift */,
				94FF17AF1F7F49D400C1C1F2 /* ProfileViewController.swift */,
				947E680F1F7B23BC000D7448 /* AccountViewController.swift */,
				948D21EC1F78B071001D5897 /* AccountTableViewCell.swift */,
				948D21EE1F78B080001D5897 /* ConnectionTableViewCell.swift */,
				948D21EA1F78AE75001D5897 /* SettingsView.storyboard */,
				9460CDDA1F7F658200D8E910 /* CustomTableHeaderView.xib */,
			);
			name = SettingsView;
			sourceTree = "<group>";
		};
		94AF20DA1F26EB4E009A1484 /* View */ = {
			isa = PBXGroup;
			children = (
				948D21E71F78AE3D001D5897 /* SettingsView */,
				9429513B1F57C2B7000EF278 /* CreateView */,
				94AF20F51F270E4D009A1484 /* LoginView */,
				946890301F29A167007E46DD /* HomeView */,
			);
			name = View;
			sourceTree = "<group>";
		};
		94AF20DB1F26EB56009A1484 /* Model */ = {
			isa = PBXGroup;
			children = (
				944679071F4AC4A3000C0D66 /* AuthToken.swift */,
				94AF20E91F26F8EA009A1484 /* PilotUser.swift */,
				946890261F295A67007E46DD /* Platform.swift */,
				946890281F2960B9007E46DD /* PlatformProtocol.swift */,
				941BA4F21F3B5F4800227C60 /* Post.swift */,
				94C092E51F3E427400BED0D4 /* PostProtocol.swift */,
				949588D61F76FFFC003C9C88 /* PlatformManager.swift */,
				94EBBB631F7C410E003DA5E3 /* UserManager.swift */,
				9460CDDE1F807A0500D8E910 /* OAuthManager.swift */,
			);
			name = Model;
			sourceTree = "<group>";
		};
		94AF20DE1F26EB6B009A1484 /* Extensions */ = {
			isa = PBXGroup;
			children = (
				949E5DCD1F2813C8009EE3EB /* UIColor+PilotColors.swift */,
				94CD01B11F76045D0045BB45 /* URL+Params.swift */,
			);
			name = Extensions;
			sourceTree = "<group>";
		};
		94AF20F51F270E4D009A1484 /* LoginView */ = {
			isa = PBXGroup;
			children = (
				94AF20F11F270698009A1484 /* LoginViewController.swift */,
				94AF20F81F271751009A1484 /* LoginViewController.storyboard */,
			);
			name = LoginView;
			sourceTree = "<group>";
		};
		B5D4FCB8A1C06B57AF99414C /* Pods */ = {
			isa = PBXGroup;
			children = (
				FF5494EBA7DDB8DA3D477F21 /* Pods-pilot.debug.xcconfig */,
				5A4231911B3C13501804F698 /* Pods-pilot.release.xcconfig */,
			);
			name = Pods;
			sourceTree = "<group>";
		};
/* End PBXGroup section */

/* Begin PBXNativeTarget section */
		941A436A1F1F0AE600D35777 /* pilot */ = {
			isa = PBXNativeTarget;
			buildConfigurationList = 941A43931F1F0AE600D35777 /* Build configuration list for PBXNativeTarget "pilot" */;
			buildPhases = (
				BF8F94C751002D954F55AAA7 /* [CP] Check Pods Manifest.lock */,
				941A43671F1F0AE600D35777 /* Sources */,
				941A43681F1F0AE600D35777 /* Frameworks */,
				941A43691F1F0AE600D35777 /* Resources */,
				BB0EB33906ADB568D6A6FD10 /* [CP] Embed Pods Frameworks */,
				59A1D5DA541923C3EC0ED0B0 /* [CP] Copy Pods Resources */,
			);
			buildRules = (
			);
			dependencies = (
			);
			name = pilot;
			productName = pilot;
			productReference = 941A436B1F1F0AE600D35777 /* pilot.app */;
			productType = "com.apple.product-type.application";
		};
		941A437E1F1F0AE600D35777 /* pilotTests */ = {
			isa = PBXNativeTarget;
			buildConfigurationList = 941A43961F1F0AE600D35777 /* Build configuration list for PBXNativeTarget "pilotTests" */;
			buildPhases = (
				941A437B1F1F0AE600D35777 /* Sources */,
				941A437C1F1F0AE600D35777 /* Frameworks */,
				941A437D1F1F0AE600D35777 /* Resources */,
			);
			buildRules = (
			);
			dependencies = (
				941A43811F1F0AE600D35777 /* PBXTargetDependency */,
			);
			name = pilotTests;
			productName = pilotTests;
			productReference = 941A437F1F1F0AE600D35777 /* pilotTests.xctest */;
			productType = "com.apple.product-type.bundle.unit-test";
		};
		941A43891F1F0AE600D35777 /* pilotUITests */ = {
			isa = PBXNativeTarget;
			buildConfigurationList = 941A43991F1F0AE600D35777 /* Build configuration list for PBXNativeTarget "pilotUITests" */;
			buildPhases = (
				941A43861F1F0AE600D35777 /* Sources */,
				941A43871F1F0AE600D35777 /* Frameworks */,
				941A43881F1F0AE600D35777 /* Resources */,
			);
			buildRules = (
			);
			dependencies = (
				941A438C1F1F0AE600D35777 /* PBXTargetDependency */,
			);
			name = pilotUITests;
			productName = pilotUITests;
			productReference = 941A438A1F1F0AE600D35777 /* pilotUITests.xctest */;
			productType = "com.apple.product-type.bundle.ui-testing";
		};
/* End PBXNativeTarget section */

/* Begin PBXProject section */
		941A43631F1F0AE600D35777 /* Project object */ = {
			isa = PBXProject;
			attributes = {
				LastSwiftUpdateCheck = 0830;
				LastUpgradeCheck = 0900;
				ORGANIZATIONNAME = sanction;
				TargetAttributes = {
					941A436A1F1F0AE600D35777 = {
						CreatedOnToolsVersion = 8.3.3;
						DevelopmentTeam = 5D5G867CKB;
						LastSwiftMigration = 0900;
						ProvisioningStyle = Automatic;
					};
					941A437E1F1F0AE600D35777 = {
						CreatedOnToolsVersion = 8.3.3;
						DevelopmentTeam = 5D5G867CKB;
						LastSwiftMigration = 0900;
						ProvisioningStyle = Automatic;
						TestTargetID = 941A436A1F1F0AE600D35777;
					};
					941A43891F1F0AE600D35777 = {
						CreatedOnToolsVersion = 8.3.3;
						DevelopmentTeam = 5D5G867CKB;
						LastSwiftMigration = 0900;
						ProvisioningStyle = Automatic;
						TestTargetID = 941A436A1F1F0AE600D35777;
					};
				};
			};
			buildConfigurationList = 941A43661F1F0AE600D35777 /* Build configuration list for PBXProject "pilot" */;
			compatibilityVersion = "Xcode 3.2";
			developmentRegion = English;
			hasScannedForEncodings = 0;
			knownRegions = (
				en,
				Base,
			);
			mainGroup = 941A43621F1F0AE600D35777;
			productRefGroup = 941A436C1F1F0AE600D35777 /* Products */;
			projectDirPath = "";
			projectRoot = "";
			targets = (
				941A436A1F1F0AE600D35777 /* pilot */,
				941A437E1F1F0AE600D35777 /* pilotTests */,
				941A43891F1F0AE600D35777 /* pilotUITests */,
			);
		};
/* End PBXProject section */

/* Begin PBXResourcesBuildPhase section */
		941A43691F1F0AE600D35777 /* Resources */ = {
			isa = PBXResourcesBuildPhase;
			buildActionMask = 2147483647;
			files = (
				941A43791F1F0AE600D35777 /* LaunchScreen.storyboard in Resources */,
				9429513F1F57C468000EF278 /* CreateView.storyboard in Resources */,
				94E8F8491F2A5D1800B3D43C /* HomeView.storyboard in Resources */,
				94AF20F91F271751009A1484 /* LoginViewController.storyboard in Resources */,
				948D21EB1F78AE75001D5897 /* SettingsView.storyboard in Resources */,
				941A43761F1F0AE600D35777 /* Assets.xcassets in Resources */,
				9460CDDB1F7F658200D8E910 /* CustomTableHeaderView.xib in Resources */,
			);
			runOnlyForDeploymentPostprocessing = 0;
		};
		941A437D1F1F0AE600D35777 /* Resources */ = {
			isa = PBXResourcesBuildPhase;
			buildActionMask = 2147483647;
			files = (
			);
			runOnlyForDeploymentPostprocessing = 0;
		};
		941A43881F1F0AE600D35777 /* Resources */ = {
			isa = PBXResourcesBuildPhase;
			buildActionMask = 2147483647;
			files = (
			);
			runOnlyForDeploymentPostprocessing = 0;
		};
/* End PBXResourcesBuildPhase section */

/* Begin PBXShellScriptBuildPhase section */
		59A1D5DA541923C3EC0ED0B0 /* [CP] Copy Pods Resources */ = {
			isa = PBXShellScriptBuildPhase;
			buildActionMask = 2147483647;
			files = (
			);
			inputPaths = (
			);
			name = "[CP] Copy Pods Resources";
			outputPaths = (
			);
			runOnlyForDeploymentPostprocessing = 0;
			shellPath = /bin/sh;
			shellScript = "\"${SRCROOT}/Pods/Target Support Files/Pods-pilot/Pods-pilot-resources.sh\"\n";
			showEnvVarsInLog = 0;
		};
		BB0EB33906ADB568D6A6FD10 /* [CP] Embed Pods Frameworks */ = {
			isa = PBXShellScriptBuildPhase;
			buildActionMask = 2147483647;
			files = (
			);
			inputPaths = (
			);
			name = "[CP] Embed Pods Frameworks";
			outputPaths = (
			);
			runOnlyForDeploymentPostprocessing = 0;
			shellPath = /bin/sh;
			shellScript = "\"${SRCROOT}/Pods/Target Support Files/Pods-pilot/Pods-pilot-frameworks.sh\"\n";
			showEnvVarsInLog = 0;
		};
		BF8F94C751002D954F55AAA7 /* [CP] Check Pods Manifest.lock */ = {
			isa = PBXShellScriptBuildPhase;
			buildActionMask = 2147483647;
			files = (
			);
			inputPaths = (
			);
			name = "[CP] Check Pods Manifest.lock";
			outputPaths = (
			);
			runOnlyForDeploymentPostprocessing = 0;
			shellPath = /bin/sh;
			shellScript = "diff \"${PODS_PODFILE_DIR_PATH}/Podfile.lock\" \"${PODS_ROOT}/Manifest.lock\" > /dev/null\nif [ $? != 0 ] ; then\n    # print error to STDERR\n    echo \"error: The sandbox is not in sync with the Podfile.lock. Run 'pod install' or update your CocoaPods installation.\" >&2\n    exit 1\nfi\n";
			showEnvVarsInLog = 0;
		};
/* End PBXShellScriptBuildPhase section */

/* Begin PBXSourcesBuildPhase section */
		941A43671F1F0AE600D35777 /* Sources */ = {
			isa = PBXSourcesBuildPhase;
			buildActionMask = 2147483647;
			files = (
				9429514A1F591160000EF278 /* Publishable.swift in Sources */,
				9429513D1F57C348000EF278 /* CreateViewController.swift in Sources */,
				94EBBB641F7C410E003DA5E3 /* UserManager.swift in Sources */,
				9429514B1F591160000EF278 /* Uploadable.swift in Sources */,
				946890271F295A67007E46DD /* Platform.swift in Sources */,
				948D21EF1F78B080001D5897 /* ConnectionTableViewCell.swift in Sources */,
				94CD01B21F76045D0045BB45 /* URL+Params.swift in Sources */,
				949588D71F76FFFC003C9C88 /* PlatformManager.swift in Sources */,
				94AF20F21F270698009A1484 /* LoginViewController.swift in Sources */,
				947E68101F7B23BC000D7448 /* AccountViewController.swift in Sources */,
				949E5DD41F281EEE009EE3EB /* PilotConfiguration.swift in Sources */,
				945E67C31F475ACD00E07290 /* AuthAdapter.swift in Sources */,
				941BA4F31F3B5F4800227C60 /* Post.swift in Sources */,
				945E67C11F47414200E07290 /* LightningRouter.swift in Sources */,
				94AF20EA1F26F8EA009A1484 /* PilotUser.swift in Sources */,
				946890291F2960B9007E46DD /* PlatformProtocol.swift in Sources */,
				94C092E61F3E427400BED0D4 /* PostProtocol.swift in Sources */,
				949E5DCE1F2813C8009EE3EB /* UIColor+PilotColors.swift in Sources */,
				94FF17B01F7F49D400C1C1F2 /* ProfileViewController.swift in Sources */,
				948D21E91F78AE61001D5897 /* SettingsViewController.swift in Sources */,
				942951491F591160000EF278 /* NetworkManager.swift in Sources */,
				9460CDDF1F807A0500D8E910 /* OAuthManager.swift in Sources */,
				94A465ED1F4A470D004450D0 /* ThunderRouter.swift in Sources */,
				941A436F1F1F0AE600D35777 /* AppDelegate.swift in Sources */,
				946890341F29A1A9007E46DD /* HomeViewController.swift in Sources */,
				945A433F1F2BCA97000C3B86 /* HomeTableViewCell.swift in Sources */,
				948D21ED1F78B071001D5897 /* AccountTableViewCell.swift in Sources */,
				944679081F4AC4A3000C0D66 /* AuthToken.swift in Sources */,
				942951481F591160000EF278 /* Fetchable.swift in Sources */,
			);
			runOnlyForDeploymentPostprocessing = 0;
		};
		941A437B1F1F0AE600D35777 /* Sources */ = {
			isa = PBXSourcesBuildPhase;
			buildActionMask = 2147483647;
			files = (
				941A43841F1F0AE600D35777 /* pilotTests.swift in Sources */,
			);
			runOnlyForDeploymentPostprocessing = 0;
		};
		941A43861F1F0AE600D35777 /* Sources */ = {
			isa = PBXSourcesBuildPhase;
			buildActionMask = 2147483647;
			files = (
				941A438F1F1F0AE600D35777 /* pilotUITests.swift in Sources */,
			);
			runOnlyForDeploymentPostprocessing = 0;
		};
/* End PBXSourcesBuildPhase section */

/* Begin PBXTargetDependency section */
		941A43811F1F0AE600D35777 /* PBXTargetDependency */ = {
			isa = PBXTargetDependency;
			target = 941A436A1F1F0AE600D35777 /* pilot */;
			targetProxy = 941A43801F1F0AE600D35777 /* PBXContainerItemProxy */;
		};
		941A438C1F1F0AE600D35777 /* PBXTargetDependency */ = {
			isa = PBXTargetDependency;
			target = 941A436A1F1F0AE600D35777 /* pilot */;
			targetProxy = 941A438B1F1F0AE600D35777 /* PBXContainerItemProxy */;
		};
/* End PBXTargetDependency section */

/* Begin PBXVariantGroup section */
		941A43771F1F0AE600D35777 /* LaunchScreen.storyboard */ = {
			isa = PBXVariantGroup;
			children = (
				941A43781F1F0AE600D35777 /* Base */,
			);
			name = LaunchScreen.storyboard;
			sourceTree = "<group>";
		};
/* End PBXVariantGroup section */

/* Begin XCBuildConfiguration section */
		941A43911F1F0AE600D35777 /* Debug */ = {
			isa = XCBuildConfiguration;
			buildSettings = {
				ALWAYS_SEARCH_USER_PATHS = NO;
				CLANG_ANALYZER_NONNULL = YES;
				CLANG_ANALYZER_NUMBER_OBJECT_CONVERSION = YES_AGGRESSIVE;
				CLANG_CXX_LANGUAGE_STANDARD = "gnu++0x";
				CLANG_CXX_LIBRARY = "libc++";
				CLANG_ENABLE_MODULES = YES;
				CLANG_ENABLE_OBJC_ARC = YES;
				CLANG_WARN_BLOCK_CAPTURE_AUTORELEASING = YES;
				CLANG_WARN_BOOL_CONVERSION = YES;
				CLANG_WARN_COMMA = YES;
				CLANG_WARN_CONSTANT_CONVERSION = YES;
				CLANG_WARN_DIRECT_OBJC_ISA_USAGE = YES_ERROR;
				CLANG_WARN_DOCUMENTATION_COMMENTS = YES;
				CLANG_WARN_EMPTY_BODY = YES;
				CLANG_WARN_ENUM_CONVERSION = YES;
				CLANG_WARN_INFINITE_RECURSION = YES;
				CLANG_WARN_INT_CONVERSION = YES;
				CLANG_WARN_NON_LITERAL_NULL_CONVERSION = YES;
				CLANG_WARN_OBJC_LITERAL_CONVERSION = YES;
				CLANG_WARN_OBJC_ROOT_CLASS = YES_ERROR;
				CLANG_WARN_RANGE_LOOP_ANALYSIS = YES;
				CLANG_WARN_STRICT_PROTOTYPES = YES;
				CLANG_WARN_SUSPICIOUS_MOVE = YES;
				CLANG_WARN_UNREACHABLE_CODE = YES;
				CLANG_WARN__DUPLICATE_METHOD_MATCH = YES;
				"CODE_SIGN_IDENTITY[sdk=iphoneos*]" = "iPhone Developer";
				COPY_PHASE_STRIP = NO;
				DEBUG_INFORMATION_FORMAT = dwarf;
				ENABLE_STRICT_OBJC_MSGSEND = YES;
				ENABLE_TESTABILITY = YES;
				GCC_C_LANGUAGE_STANDARD = gnu99;
				GCC_DYNAMIC_NO_PIC = NO;
				GCC_NO_COMMON_BLOCKS = YES;
				GCC_OPTIMIZATION_LEVEL = 0;
				GCC_PREPROCESSOR_DEFINITIONS = (
					"DEBUG=1",
					"$(inherited)",
				);
				GCC_WARN_64_TO_32_BIT_CONVERSION = YES;
				GCC_WARN_ABOUT_RETURN_TYPE = YES_ERROR;
				GCC_WARN_UNDECLARED_SELECTOR = YES;
				GCC_WARN_UNINITIALIZED_AUTOS = YES_AGGRESSIVE;
				GCC_WARN_UNUSED_FUNCTION = YES;
				GCC_WARN_UNUSED_VARIABLE = YES;
				IPHONEOS_DEPLOYMENT_TARGET = 11.0;
				MTL_ENABLE_DEBUG_INFO = YES;
				ONLY_ACTIVE_ARCH = YES;
				SDKROOT = iphoneos;
				SWIFT_ACTIVE_COMPILATION_CONDITIONS = DEBUG;
				SWIFT_OPTIMIZATION_LEVEL = "-Onone";
			};
			name = Debug;
		};
		941A43921F1F0AE600D35777 /* Release */ = {
			isa = XCBuildConfiguration;
			buildSettings = {
				ALWAYS_SEARCH_USER_PATHS = NO;
				CLANG_ANALYZER_NONNULL = YES;
				CLANG_ANALYZER_NUMBER_OBJECT_CONVERSION = YES_AGGRESSIVE;
				CLANG_CXX_LANGUAGE_STANDARD = "gnu++0x";
				CLANG_CXX_LIBRARY = "libc++";
				CLANG_ENABLE_MODULES = YES;
				CLANG_ENABLE_OBJC_ARC = YES;
				CLANG_WARN_BLOCK_CAPTURE_AUTORELEASING = YES;
				CLANG_WARN_BOOL_CONVERSION = YES;
				CLANG_WARN_COMMA = YES;
				CLANG_WARN_CONSTANT_CONVERSION = YES;
				CLANG_WARN_DIRECT_OBJC_ISA_USAGE = YES_ERROR;
				CLANG_WARN_DOCUMENTATION_COMMENTS = YES;
				CLANG_WARN_EMPTY_BODY = YES;
				CLANG_WARN_ENUM_CONVERSION = YES;
				CLANG_WARN_INFINITE_RECURSION = YES;
				CLANG_WARN_INT_CONVERSION = YES;
				CLANG_WARN_NON_LITERAL_NULL_CONVERSION = YES;
				CLANG_WARN_OBJC_LITERAL_CONVERSION = YES;
				CLANG_WARN_OBJC_ROOT_CLASS = YES_ERROR;
				CLANG_WARN_RANGE_LOOP_ANALYSIS = YES;
				CLANG_WARN_STRICT_PROTOTYPES = YES;
				CLANG_WARN_SUSPICIOUS_MOVE = YES;
				CLANG_WARN_UNREACHABLE_CODE = YES;
				CLANG_WARN__DUPLICATE_METHOD_MATCH = YES;
				"CODE_SIGN_IDENTITY[sdk=iphoneos*]" = "iPhone Developer";
				COPY_PHASE_STRIP = NO;
				DEBUG_INFORMATION_FORMAT = "dwarf-with-dsym";
				ENABLE_NS_ASSERTIONS = NO;
				ENABLE_STRICT_OBJC_MSGSEND = YES;
				GCC_C_LANGUAGE_STANDARD = gnu99;
				GCC_NO_COMMON_BLOCKS = YES;
				GCC_WARN_64_TO_32_BIT_CONVERSION = YES;
				GCC_WARN_ABOUT_RETURN_TYPE = YES_ERROR;
				GCC_WARN_UNDECLARED_SELECTOR = YES;
				GCC_WARN_UNINITIALIZED_AUTOS = YES_AGGRESSIVE;
				GCC_WARN_UNUSED_FUNCTION = YES;
				GCC_WARN_UNUSED_VARIABLE = YES;
				IPHONEOS_DEPLOYMENT_TARGET = 11.0;
				MTL_ENABLE_DEBUG_INFO = NO;
				SDKROOT = iphoneos;
				SWIFT_OPTIMIZATION_LEVEL = "-Owholemodule";
				VALIDATE_PRODUCT = YES;
			};
			name = Release;
		};
		941A43941F1F0AE600D35777 /* Debug */ = {
			isa = XCBuildConfiguration;
			baseConfigurationReference = FF5494EBA7DDB8DA3D477F21 /* Pods-pilot.debug.xcconfig */;
			buildSettings = {
				ASSETCATALOG_COMPILER_APPICON_NAME = AppIcon;
				DEVELOPMENT_TEAM = 5D5G867CKB;
				INFOPLIST_FILE = pilot/Info.plist;
				LD_RUNPATH_SEARCH_PATHS = "$(inherited) @executable_path/Frameworks";
				PRODUCT_BUNDLE_IDENTIFIER = com.sanctionco.pilot;
				PRODUCT_NAME = "$(TARGET_NAME)";
				SWIFT_SWIFT3_OBJC_INFERENCE = Default;
				SWIFT_VERSION = 4.0;
			};
			name = Debug;
		};
		941A43951F1F0AE600D35777 /* Release */ = {
			isa = XCBuildConfiguration;
			baseConfigurationReference = 5A4231911B3C13501804F698 /* Pods-pilot.release.xcconfig */;
			buildSettings = {
				ASSETCATALOG_COMPILER_APPICON_NAME = AppIcon;
				DEVELOPMENT_TEAM = 5D5G867CKB;
				INFOPLIST_FILE = pilot/Info.plist;
				LD_RUNPATH_SEARCH_PATHS = "$(inherited) @executable_path/Frameworks";
				PRODUCT_BUNDLE_IDENTIFIER = com.sanctionco.pilot;
				PRODUCT_NAME = "$(TARGET_NAME)";
				SWIFT_SWIFT3_OBJC_INFERENCE = Default;
				SWIFT_VERSION = 4.0;
			};
			name = Release;
		};
		941A43971F1F0AE600D35777 /* Debug */ = {
			isa = XCBuildConfiguration;
			buildSettings = {
				ALWAYS_EMBED_SWIFT_STANDARD_LIBRARIES = YES;
				BUNDLE_LOADER = "$(TEST_HOST)";
				DEVELOPMENT_TEAM = 5D5G867CKB;
				INFOPLIST_FILE = pilotTests/Info.plist;
				LD_RUNPATH_SEARCH_PATHS = "$(inherited) @executable_path/Frameworks @loader_path/Frameworks";
				PRODUCT_BUNDLE_IDENTIFIER = com.sanctionco.pilotTests;
				PRODUCT_NAME = "$(TARGET_NAME)";
				SWIFT_SWIFT3_OBJC_INFERENCE = Default;
				SWIFT_VERSION = 4.0;
				TEST_HOST = "$(BUILT_PRODUCTS_DIR)/pilot.app/pilot";
			};
			name = Debug;
		};
		941A43981F1F0AE600D35777 /* Release */ = {
			isa = XCBuildConfiguration;
			buildSettings = {
				ALWAYS_EMBED_SWIFT_STANDARD_LIBRARIES = YES;
				BUNDLE_LOADER = "$(TEST_HOST)";
				DEVELOPMENT_TEAM = 5D5G867CKB;
				INFOPLIST_FILE = pilotTests/Info.plist;
				LD_RUNPATH_SEARCH_PATHS = "$(inherited) @executable_path/Frameworks @loader_path/Frameworks";
				PRODUCT_BUNDLE_IDENTIFIER = com.sanctionco.pilotTests;
				PRODUCT_NAME = "$(TARGET_NAME)";
				SWIFT_SWIFT3_OBJC_INFERENCE = Default;
				SWIFT_VERSION = 4.0;
				TEST_HOST = "$(BUILT_PRODUCTS_DIR)/pilot.app/pilot";
			};
			name = Release;
		};
		941A439A1F1F0AE600D35777 /* Debug */ = {
			isa = XCBuildConfiguration;
			buildSettings = {
				ALWAYS_EMBED_SWIFT_STANDARD_LIBRARIES = YES;
				DEVELOPMENT_TEAM = 5D5G867CKB;
				INFOPLIST_FILE = pilotUITests/Info.plist;
				LD_RUNPATH_SEARCH_PATHS = "$(inherited) @executable_path/Frameworks @loader_path/Frameworks";
				PRODUCT_BUNDLE_IDENTIFIER = com.sanctionco.pilotUITests;
				PRODUCT_NAME = "$(TARGET_NAME)";
				SWIFT_SWIFT3_OBJC_INFERENCE = Default;
				SWIFT_VERSION = 4.0;
				TEST_TARGET_NAME = pilot;
			};
			name = Debug;
		};
		941A439B1F1F0AE600D35777 /* Release */ = {
			isa = XCBuildConfiguration;
			buildSettings = {
				ALWAYS_EMBED_SWIFT_STANDARD_LIBRARIES = YES;
				DEVELOPMENT_TEAM = 5D5G867CKB;
				INFOPLIST_FILE = pilotUITests/Info.plist;
				LD_RUNPATH_SEARCH_PATHS = "$(inherited) @executable_path/Frameworks @loader_path/Frameworks";
				PRODUCT_BUNDLE_IDENTIFIER = com.sanctionco.pilotUITests;
				PRODUCT_NAME = "$(TARGET_NAME)";
				SWIFT_SWIFT3_OBJC_INFERENCE = Default;
				SWIFT_VERSION = 4.0;
				TEST_TARGET_NAME = pilot;
			};
			name = Release;
		};
/* End XCBuildConfiguration section */

/* Begin XCConfigurationList section */
		941A43661F1F0AE600D35777 /* Build configuration list for PBXProject "pilot" */ = {
			isa = XCConfigurationList;
			buildConfigurations = (
				941A43911F1F0AE600D35777 /* Debug */,
				941A43921F1F0AE600D35777 /* Release */,
			);
			defaultConfigurationIsVisible = 0;
			defaultConfigurationName = Release;
		};
		941A43931F1F0AE600D35777 /* Build configuration list for PBXNativeTarget "pilot" */ = {
			isa = XCConfigurationList;
			buildConfigurations = (
				941A43941F1F0AE600D35777 /* Debug */,
				941A43951F1F0AE600D35777 /* Release */,
			);
			defaultConfigurationIsVisible = 0;
			defaultConfigurationName = Release;
		};
		941A43961F1F0AE600D35777 /* Build configuration list for PBXNativeTarget "pilotTests" */ = {
			isa = XCConfigurationList;
			buildConfigurations = (
				941A43971F1F0AE600D35777 /* Debug */,
				941A43981F1F0AE600D35777 /* Release */,
			);
			defaultConfigurationIsVisible = 0;
			defaultConfigurationName = Release;
		};
		941A43991F1F0AE600D35777 /* Build configuration list for PBXNativeTarget "pilotUITests" */ = {
			isa = XCConfigurationList;
			buildConfigurations = (
				941A439A1F1F0AE600D35777 /* Debug */,
				941A439B1F1F0AE600D35777 /* Release */,
			);
			defaultConfigurationIsVisible = 0;
			defaultConfigurationName = Release;
		};
/* End XCConfigurationList section */
	};
	rootObject = 941A43631F1F0AE600D35777 /* Project object */;
}
